
Microsoft Visual Studio Solution File, Format Version 12.00
# Visual Studio 15
VisualStudioVersion = 15.0.28307.168
MinimumVisualStudioVersion = 10.0.40219.1
Project("{9A19103F-16F7-4668-BE54-9A1E7A4F7556}") = "Fakebook.CoreUI", "Fakebook.CoreUI\Fakebook.CoreUI.csproj", "{7A716193-9BB5-4BF7-861F-04110465D8AE}"
EndProject
Project("{2150E333-8FDC-42A3-9474-1A3956D46DE8}") = "Microservices", "Microservices", "{CD7DE4EA-CE13-4D4A-AEF2-7944FA291649}"
EndProject
Project("{9A19103F-16F7-4668-BE54-9A1E7A4F7556}") = "Fakebook.Microservices.Person.Api", "Microservices\Fakebook.Microservices.Person.Api\Fakebook.Microservices.Person.Api.csproj", "{CB4CAAD4-C26F-4104-BCB4-66CDFCB55702}"
EndProject
Project("{9A19103F-16F7-4668-BE54-9A1E7A4F7556}") = "Fakebook.Microservices.Social.Api", "Microservices\Fakebook.Microservices.Social.Api\Fakebook.Microservices.Social.Api.csproj", "{BD2E146C-BB93-463C-B4E7-8590C68A1851}"
EndProject
Project("{FAE04EC0-301F-11D3-BF4B-00C04F79EFBC}") = "Entities", "Entities\Entities.csproj", "{5A0C16C0-4381-4178-9D03-D2C848F5821D}"
EndProject
Project("{2150E333-8FDC-42A3-9474-1A3956D46DE8}") = "Kaynaklar", "Kaynaklar", "{8DB2B8C6-38CB-4BD8-84B8-DBE97B121669}"
EndProject
Project("{2150E333-8FDC-42A3-9474-1A3956D46DE8}") = "Repostory", "Repostory", "{DF4412A5-D9F2-41E6-9AF4-F82EC1B85F5B}"
	ProjectSection(SolutionItems) = preProject
		..\..\..\..\Desktop\IRepository.cs = ..\..\..\..\Desktop\IRepository.cs
		..\..\..\..\Desktop\RepositoryBase.cs = ..\..\..\..\Desktop\RepositoryBase.cs
		..\..\..\..\Desktop\Reposityory.cs = ..\..\..\..\Desktop\Reposityory.cs
	EndProjectSection
EndProject
Project("{2150E333-8FDC-42A3-9474-1A3956D46DE8}") = "Irepo", "Irepo", "{1DAC23AE-8FE8-4920-8092-199B4AC019BE}"
	ProjectSection(SolutionItems) = preProject
		..\..\..\..\Desktop\IRepository.cs = ..\..\..\..\Desktop\IRepository.cs
	EndProjectSection
EndProject
Global
	GlobalSection(SolutionConfigurationPlatforms) = preSolution
		Debug|Any CPU = Debug|Any CPU
		Release|Any CPU = Release|Any CPU
	EndGlobalSection
	GlobalSection(ProjectConfigurationPlatforms) = postSolution
		{7A716193-9BB5-4BF7-861F-04110465D8AE}.Debug|Any CPU.ActiveCfg = Debug|Any CPU
		{7A716193-9BB5-4BF7-861F-04110465D8AE}.Debug|Any CPU.Build.0 = Debug|Any CPU
		{7A716193-9BB5-4BF7-861F-04110465D8AE}.Release|Any CPU.ActiveCfg = Release|Any CPU
		{7A716193-9BB5-4BF7-861F-04110465D8AE}.Release|Any CPU.Build.0 = Release|Any CPU
		{CB4CAAD4-C26F-4104-BCB4-66CDFCB55702}.Debug|Any CPU.ActiveCfg = Debug|Any CPU
		{CB4CAAD4-C26F-4104-BCB4-66CDFCB55702}.Debug|Any CPU.Build.0 = Debug|Any CPU
		{CB4CAAD4-C26F-4104-BCB4-66CDFCB55702}.Release|Any CPU.ActiveCfg = Release|Any CPU
		{CB4CAAD4-C26F-4104-BCB4-66CDFCB55702}.Release|Any CPU.Build.0 = Release|Any CPU
		{BD2E146C-BB93-463C-B4E7-8590C68A1851}.Debug|Any CPU.ActiveCfg = Debug|Any CPU
		{BD2E146C-BB93-463C-B4E7-8590C68A1851}.Debug|Any CPU.Build.0 = Debug|Any CPU
		{BD2E146C-BB93-463C-B4E7-8590C68A1851}.Release|Any CPU.ActiveCfg = Release|Any CPU
		{BD2E146C-BB93-463C-B4E7-8590C68A1851}.Release|Any CPU.Build.0 = Release|Any CPU
		{5A0C16C0-4381-4178-9D03-D2C848F5821D}.Debug|Any CPU.ActiveCfg = Debug|Any CPU
		{5A0C16C0-4381-4178-9D03-D2C848F5821D}.Debug|Any CPU.Build.0 = Debug|Any CPU
		{5A0C16C0-4381-4178-9D03-D2C848F5821D}.Release|Any CPU.ActiveCfg = Release|Any CPU
		{5A0C16C0-4381-4178-9D03-D2C848F5821D}.Release|Any CPU.Build.0 = Release|Any CPU
	EndGlobalSection
	GlobalSection(SolutionProperties) = preSolution
		HideSolutionNode = FALSE
	EndGlobalSection
	GlobalSection(NestedProjects) = preSolution
		{CB4CAAD4-C26F-4104-BCB4-66CDFCB55702} = {CD7DE4EA-CE13-4D4A-AEF2-7944FA291649}
		{BD2E146C-BB93-463C-B4E7-8590C68A1851} = {CD7DE4EA-CE13-4D4A-AEF2-7944FA291649}
		{5A0C16C0-4381-4178-9D03-D2C848F5821D} = {8DB2B8C6-38CB-4BD8-84B8-DBE97B121669}
		{8DB2B8C6-38CB-4BD8-84B8-DBE97B121669} = {CD7DE4EA-CE13-4D4A-AEF2-7944FA291649}
		{DF4412A5-D9F2-41E6-9AF4-F82EC1B85F5B} = {8DB2B8C6-38CB-4BD8-84B8-DBE97B121669}
		{1DAC23AE-8FE8-4920-8092-199B4AC019BE} = {8DB2B8C6-38CB-4BD8-84B8-DBE97B121669}
	EndGlobalSection
	GlobalSection(ExtensibilityGlobals) = postSolution
		SolutionGuid = {B7C0AED0-A589-4D2E-B86E-305A5AEBCFD1}
	EndGlobalSection
EndGlobal
